<?xml version="1.0" encoding="UTF-8"?>
<CodeBlocks_project_file>
	<FileVersion major="1" minor="6"/>
	<Project>
		<Option title="SVF"/>
		<Option makefile_is_custom="1"/>
		<Option compiler="gcc"/>
		<Option virtualFolders="CMake Files\;CMake Files\..\;CMake Files\..\..\;CMake Files\..\..\..\;CMake Files\..\..\..\rust\;CMake Files\..\..\..\rust\build\;CMake Files\..\..\..\rust\build\x86_64-unknown-linux-gnu\;CMake Files\..\..\..\rust\build\x86_64-unknown-linux-gnu\llvm\;CMake Files\..\..\..\rust\build\x86_64-unknown-linux-gnu\llvm\lib\;CMake Files\..\..\..\rust\build\x86_64-unknown-linux-gnu\llvm\lib\cmake\;CMake Files\..\..\..\rust\build\x86_64-unknown-linux-gnu\llvm\lib\cmake\llvm\;CMake Files\lib\;CMake Files\lib\CUDD\;CMake Files\tools\;CMake Files\tools\SABER\;CMake Files\tools\WPA\;CMake Files\tools\Example\;CMake Files\tools\DDA\;CMake Files\tools\MTA\;"/>
		<Build>
			<Target title="all">
				<Option working_dir="/home/martin/projects/mpk-rust/SVF"/>
				<Option type="4"/>
				<MakeCommands>
					<Build command="/usr/bin/make -j20 -f &quot;/home/martin/projects/mpk-rust/SVF/Makefile&quot;  VERBOSE=1 all"/>
					<CompileFile command="/usr/bin/make -j20 -f &quot;/home/martin/projects/mpk-rust/SVF/Makefile&quot;  VERBOSE=1 &quot;$file&quot;"/>
					<Clean command="/usr/bin/make -j20 -f &quot;/home/martin/projects/mpk-rust/SVF/Makefile&quot;  VERBOSE=1 clean"/>
					<DistClean command="/usr/bin/make -j20 -f &quot;/home/martin/projects/mpk-rust/SVF/Makefile&quot;  VERBOSE=1 clean"/>
				</MakeCommands>
			</Target>
			<Target title="intrinsics_gen">
				<Option working_dir="/home/martin/projects/mpk-rust/SVF"/>
				<Option type="4"/>
				<MakeCommands>
					<Build command="/usr/bin/make -j20 -f &quot;/home/martin/projects/mpk-rust/SVF/Makefile&quot;  VERBOSE=1 intrinsics_gen"/>
					<CompileFile command="/usr/bin/make -j20 -f &quot;/home/martin/projects/mpk-rust/SVF/Makefile&quot;  VERBOSE=1 &quot;$file&quot;"/>
					<Clean command="/usr/bin/make -j20 -f &quot;/home/martin/projects/mpk-rust/SVF/Makefile&quot;  VERBOSE=1 clean"/>
					<DistClean command="/usr/bin/make -j20 -f &quot;/home/martin/projects/mpk-rust/SVF/Makefile&quot;  VERBOSE=1 clean"/>
				</MakeCommands>
			</Target>
			<Target title="omp_gen">
				<Option working_dir="/home/martin/projects/mpk-rust/SVF"/>
				<Option type="4"/>
				<MakeCommands>
					<Build command="/usr/bin/make -j20 -f &quot;/home/martin/projects/mpk-rust/SVF/Makefile&quot;  VERBOSE=1 omp_gen"/>
					<CompileFile command="/usr/bin/make -j20 -f &quot;/home/martin/projects/mpk-rust/SVF/Makefile&quot;  VERBOSE=1 &quot;$file&quot;"/>
					<Clean command="/usr/bin/make -j20 -f &quot;/home/martin/projects/mpk-rust/SVF/Makefile&quot;  VERBOSE=1 clean"/>
					<DistClean command="/usr/bin/make -j20 -f &quot;/home/martin/projects/mpk-rust/SVF/Makefile&quot;  VERBOSE=1 clean"/>
				</MakeCommands>
			</Target>
			<Target title="acc_gen">
				<Option working_dir="/home/martin/projects/mpk-rust/SVF"/>
				<Option type="4"/>
				<MakeCommands>
					<Build command="/usr/bin/make -j20 -f &quot;/home/martin/projects/mpk-rust/SVF/Makefile&quot;  VERBOSE=1 acc_gen"/>
					<CompileFile command="/usr/bin/make -j20 -f &quot;/home/martin/projects/mpk-rust/SVF/Makefile&quot;  VERBOSE=1 &quot;$file&quot;"/>
					<Clean command="/usr/bin/make -j20 -f &quot;/home/martin/projects/mpk-rust/SVF/Makefile&quot;  VERBOSE=1 clean"/>
					<DistClean command="/usr/bin/make -j20 -f &quot;/home/martin/projects/mpk-rust/SVF/Makefile&quot;  VERBOSE=1 clean"/>
				</MakeCommands>
			</Target>
			<Target title="edit_cache">
				<Option working_dir="/home/martin/projects/mpk-rust/SVF"/>
				<Option type="4"/>
				<MakeCommands>
					<Build command="/usr/bin/make -j20 -f &quot;/home/martin/projects/mpk-rust/SVF/Makefile&quot;  VERBOSE=1 edit_cache"/>
					<CompileFile command="/usr/bin/make -j20 -f &quot;/home/martin/projects/mpk-rust/SVF/Makefile&quot;  VERBOSE=1 &quot;$file&quot;"/>
					<Clean command="/usr/bin/make -j20 -f &quot;/home/martin/projects/mpk-rust/SVF/Makefile&quot;  VERBOSE=1 clean"/>
					<DistClean command="/usr/bin/make -j20 -f &quot;/home/martin/projects/mpk-rust/SVF/Makefile&quot;  VERBOSE=1 clean"/>
				</MakeCommands>
			</Target>
			<Target title="rebuild_cache">
				<Option working_dir="/home/martin/projects/mpk-rust/SVF"/>
				<Option type="4"/>
				<MakeCommands>
					<Build command="/usr/bin/make -j20 -f &quot;/home/martin/projects/mpk-rust/SVF/Makefile&quot;  VERBOSE=1 rebuild_cache"/>
					<CompileFile command="/usr/bin/make -j20 -f &quot;/home/martin/projects/mpk-rust/SVF/Makefile&quot;  VERBOSE=1 &quot;$file&quot;"/>
					<Clean command="/usr/bin/make -j20 -f &quot;/home/martin/projects/mpk-rust/SVF/Makefile&quot;  VERBOSE=1 clean"/>
					<DistClean command="/usr/bin/make -j20 -f &quot;/home/martin/projects/mpk-rust/SVF/Makefile&quot;  VERBOSE=1 clean"/>
				</MakeCommands>
			</Target>
			<Target title="list_install_components">
				<Option working_dir="/home/martin/projects/mpk-rust/SVF"/>
				<Option type="4"/>
				<MakeCommands>
					<Build command="/usr/bin/make -j20 -f &quot;/home/martin/projects/mpk-rust/SVF/Makefile&quot;  VERBOSE=1 list_install_components"/>
					<CompileFile command="/usr/bin/make -j20 -f &quot;/home/martin/projects/mpk-rust/SVF/Makefile&quot;  VERBOSE=1 &quot;$file&quot;"/>
					<Clean command="/usr/bin/make -j20 -f &quot;/home/martin/projects/mpk-rust/SVF/Makefile&quot;  VERBOSE=1 clean"/>
					<DistClean command="/usr/bin/make -j20 -f &quot;/home/martin/projects/mpk-rust/SVF/Makefile&quot;  VERBOSE=1 clean"/>
				</MakeCommands>
			</Target>
			<Target title="install">
				<Option working_dir="/home/martin/projects/mpk-rust/SVF"/>
				<Option type="4"/>
				<MakeCommands>
					<Build command="/usr/bin/make -j20 -f &quot;/home/martin/projects/mpk-rust/SVF/Makefile&quot;  VERBOSE=1 install"/>
					<CompileFile command="/usr/bin/make -j20 -f &quot;/home/martin/projects/mpk-rust/SVF/Makefile&quot;  VERBOSE=1 &quot;$file&quot;"/>
					<Clean command="/usr/bin/make -j20 -f &quot;/home/martin/projects/mpk-rust/SVF/Makefile&quot;  VERBOSE=1 clean"/>
					<DistClean command="/usr/bin/make -j20 -f &quot;/home/martin/projects/mpk-rust/SVF/Makefile&quot;  VERBOSE=1 clean"/>
				</MakeCommands>
			</Target>
			<Target title="install/local">
				<Option working_dir="/home/martin/projects/mpk-rust/SVF"/>
				<Option type="4"/>
				<MakeCommands>
					<Build command="/usr/bin/make -j20 -f &quot;/home/martin/projects/mpk-rust/SVF/Makefile&quot;  VERBOSE=1 install/local"/>
					<CompileFile command="/usr/bin/make -j20 -f &quot;/home/martin/projects/mpk-rust/SVF/Makefile&quot;  VERBOSE=1 &quot;$file&quot;"/>
					<Clean command="/usr/bin/make -j20 -f &quot;/home/martin/projects/mpk-rust/SVF/Makefile&quot;  VERBOSE=1 clean"/>
					<DistClean command="/usr/bin/make -j20 -f &quot;/home/martin/projects/mpk-rust/SVF/Makefile&quot;  VERBOSE=1 clean"/>
				</MakeCommands>
			</Target>
			<Target title="install/strip">
				<Option working_dir="/home/martin/projects/mpk-rust/SVF"/>
				<Option type="4"/>
				<MakeCommands>
					<Build command="/usr/bin/make -j20 -f &quot;/home/martin/projects/mpk-rust/SVF/Makefile&quot;  VERBOSE=1 install/strip"/>
					<CompileFile command="/usr/bin/make -j20 -f &quot;/home/martin/projects/mpk-rust/SVF/Makefile&quot;  VERBOSE=1 &quot;$file&quot;"/>
					<Clean command="/usr/bin/make -j20 -f &quot;/home/martin/projects/mpk-rust/SVF/Makefile&quot;  VERBOSE=1 clean"/>
					<DistClean command="/usr/bin/make -j20 -f &quot;/home/martin/projects/mpk-rust/SVF/Makefile&quot;  VERBOSE=1 clean"/>
				</MakeCommands>
			</Target>
			<Target title="Svf">
				<Option output="/home/martin/projects/mpk-rust/SVF/lib/libSvf.a" prefix_auto="0" extension_auto="0"/>
				<Option working_dir="/home/martin/projects/mpk-rust/SVF/lib"/>
				<Option object_output="./"/>
				<Option type="2"/>
				<Option compiler="gcc"/>
				<Compiler>
					<Add option="-DGTEST_HAS_RTTI=0"/>
					<Add directory="/home/martin/projects/mpk-rust/SVF/include"/>
					<Add directory="/home/martin/projects/mpk-rust/SVF/z3.obj/include"/>
					<Add directory="/home/martin/rust/build/x86_64-unknown-linux-gnu/llvm/include"/>
					<Add directory="/usr/include/c++/7"/>
					<Add directory="/usr/include/x86_64-linux-gnu/c++/7"/>
					<Add directory="/usr/include/c++/7/backward"/>
					<Add directory="/usr/lib/gcc/x86_64-linux-gnu/7/include"/>
					<Add directory="/usr/local/include"/>
					<Add directory="/usr/lib/gcc/x86_64-linux-gnu/7/include-fixed"/>
					<Add directory="/usr/include/x86_64-linux-gnu"/>
					<Add directory="/usr/include"/>
				</Compiler>
				<MakeCommands>
					<Build command="/usr/bin/make -j20 -f &quot;/home/martin/projects/mpk-rust/SVF/lib/Makefile&quot;  VERBOSE=1 Svf"/>
					<CompileFile command="/usr/bin/make -j20 -f &quot;/home/martin/projects/mpk-rust/SVF/lib/Makefile&quot;  VERBOSE=1 &quot;$file&quot;"/>
					<Clean command="/usr/bin/make -j20 -f &quot;/home/martin/projects/mpk-rust/SVF/lib/Makefile&quot;  VERBOSE=1 clean"/>
					<DistClean command="/usr/bin/make -j20 -f &quot;/home/martin/projects/mpk-rust/SVF/lib/Makefile&quot;  VERBOSE=1 clean"/>
				</MakeCommands>
			</Target>
			<Target title="Svf/fast">
				<Option output="/home/martin/projects/mpk-rust/SVF/lib/libSvf.a" prefix_auto="0" extension_auto="0"/>
				<Option working_dir="/home/martin/projects/mpk-rust/SVF/lib"/>
				<Option object_output="./"/>
				<Option type="2"/>
				<Option compiler="gcc"/>
				<Compiler>
					<Add option="-DGTEST_HAS_RTTI=0"/>
					<Add directory="/home/martin/projects/mpk-rust/SVF/include"/>
					<Add directory="/home/martin/projects/mpk-rust/SVF/z3.obj/include"/>
					<Add directory="/home/martin/rust/build/x86_64-unknown-linux-gnu/llvm/include"/>
					<Add directory="/usr/include/c++/7"/>
					<Add directory="/usr/include/x86_64-linux-gnu/c++/7"/>
					<Add directory="/usr/include/c++/7/backward"/>
					<Add directory="/usr/lib/gcc/x86_64-linux-gnu/7/include"/>
					<Add directory="/usr/local/include"/>
					<Add directory="/usr/lib/gcc/x86_64-linux-gnu/7/include-fixed"/>
					<Add directory="/usr/include/x86_64-linux-gnu"/>
					<Add directory="/usr/include"/>
				</Compiler>
				<MakeCommands>
					<Build command="/usr/bin/make -j20 -f &quot;/home/martin/projects/mpk-rust/SVF/lib/Makefile&quot;  VERBOSE=1 Svf/fast"/>
					<CompileFile command="/usr/bin/make -j20 -f &quot;/home/martin/projects/mpk-rust/SVF/lib/Makefile&quot;  VERBOSE=1 &quot;$file&quot;"/>
					<Clean command="/usr/bin/make -j20 -f &quot;/home/martin/projects/mpk-rust/SVF/lib/Makefile&quot;  VERBOSE=1 clean"/>
					<DistClean command="/usr/bin/make -j20 -f &quot;/home/martin/projects/mpk-rust/SVF/lib/Makefile&quot;  VERBOSE=1 clean"/>
				</MakeCommands>
			</Target>
			<Target title="install-Svf">
				<Option working_dir="/home/martin/projects/mpk-rust/SVF/lib"/>
				<Option type="4"/>
				<MakeCommands>
					<Build command="/usr/bin/make -j20 -f &quot;/home/martin/projects/mpk-rust/SVF/lib/Makefile&quot;  VERBOSE=1 install-Svf"/>
					<CompileFile command="/usr/bin/make -j20 -f &quot;/home/martin/projects/mpk-rust/SVF/lib/Makefile&quot;  VERBOSE=1 &quot;$file&quot;"/>
					<Clean command="/usr/bin/make -j20 -f &quot;/home/martin/projects/mpk-rust/SVF/lib/Makefile&quot;  VERBOSE=1 clean"/>
					<DistClean command="/usr/bin/make -j20 -f &quot;/home/martin/projects/mpk-rust/SVF/lib/Makefile&quot;  VERBOSE=1 clean"/>
				</MakeCommands>
			</Target>
			<Target title="install-Svf-stripped">
				<Option working_dir="/home/martin/projects/mpk-rust/SVF/lib"/>
				<Option type="4"/>
				<MakeCommands>
					<Build command="/usr/bin/make -j20 -f &quot;/home/martin/projects/mpk-rust/SVF/lib/Makefile&quot;  VERBOSE=1 install-Svf-stripped"/>
					<CompileFile command="/usr/bin/make -j20 -f &quot;/home/martin/projects/mpk-rust/SVF/lib/Makefile&quot;  VERBOSE=1 &quot;$file&quot;"/>
					<Clean command="/usr/bin/make -j20 -f &quot;/home/martin/projects/mpk-rust/SVF/lib/Makefile&quot;  VERBOSE=1 clean"/>
					<DistClean command="/usr/bin/make -j20 -f &quot;/home/martin/projects/mpk-rust/SVF/lib/Makefile&quot;  VERBOSE=1 clean"/>
				</MakeCommands>
			</Target>
			<Target title="Cudd">
				<Option output="/home/martin/projects/mpk-rust/SVF/lib/CUDD/libCudd.a" prefix_auto="0" extension_auto="0"/>
				<Option working_dir="/home/martin/projects/mpk-rust/SVF/lib/CUDD"/>
				<Option object_output="./"/>
				<Option type="2"/>
				<Option compiler="gcc"/>
				<Compiler>
					<Add option="-DGTEST_HAS_RTTI=0"/>
					<Add directory="/home/martin/projects/mpk-rust/SVF/include"/>
					<Add directory="/home/martin/projects/mpk-rust/SVF/z3.obj/include"/>
					<Add directory="/home/martin/rust/build/x86_64-unknown-linux-gnu/llvm/include"/>
					<Add directory="/usr/include/c++/7"/>
					<Add directory="/usr/include/x86_64-linux-gnu/c++/7"/>
					<Add directory="/usr/include/c++/7/backward"/>
					<Add directory="/usr/lib/gcc/x86_64-linux-gnu/7/include"/>
					<Add directory="/usr/local/include"/>
					<Add directory="/usr/lib/gcc/x86_64-linux-gnu/7/include-fixed"/>
					<Add directory="/usr/include/x86_64-linux-gnu"/>
					<Add directory="/usr/include"/>
				</Compiler>
				<MakeCommands>
					<Build command="/usr/bin/make -j20 -f &quot;/home/martin/projects/mpk-rust/SVF/lib/CUDD/Makefile&quot;  VERBOSE=1 Cudd"/>
					<CompileFile command="/usr/bin/make -j20 -f &quot;/home/martin/projects/mpk-rust/SVF/lib/CUDD/Makefile&quot;  VERBOSE=1 &quot;$file&quot;"/>
					<Clean command="/usr/bin/make -j20 -f &quot;/home/martin/projects/mpk-rust/SVF/lib/CUDD/Makefile&quot;  VERBOSE=1 clean"/>
					<DistClean command="/usr/bin/make -j20 -f &quot;/home/martin/projects/mpk-rust/SVF/lib/CUDD/Makefile&quot;  VERBOSE=1 clean"/>
				</MakeCommands>
			</Target>
			<Target title="Cudd/fast">
				<Option output="/home/martin/projects/mpk-rust/SVF/lib/CUDD/libCudd.a" prefix_auto="0" extension_auto="0"/>
				<Option working_dir="/home/martin/projects/mpk-rust/SVF/lib/CUDD"/>
				<Option object_output="./"/>
				<Option type="2"/>
				<Option compiler="gcc"/>
				<Compiler>
					<Add option="-DGTEST_HAS_RTTI=0"/>
					<Add directory="/home/martin/projects/mpk-rust/SVF/include"/>
					<Add directory="/home/martin/projects/mpk-rust/SVF/z3.obj/include"/>
					<Add directory="/home/martin/rust/build/x86_64-unknown-linux-gnu/llvm/include"/>
					<Add directory="/usr/include/c++/7"/>
					<Add directory="/usr/include/x86_64-linux-gnu/c++/7"/>
					<Add directory="/usr/include/c++/7/backward"/>
					<Add directory="/usr/lib/gcc/x86_64-linux-gnu/7/include"/>
					<Add directory="/usr/local/include"/>
					<Add directory="/usr/lib/gcc/x86_64-linux-gnu/7/include-fixed"/>
					<Add directory="/usr/include/x86_64-linux-gnu"/>
					<Add directory="/usr/include"/>
				</Compiler>
				<MakeCommands>
					<Build command="/usr/bin/make -j20 -f &quot;/home/martin/projects/mpk-rust/SVF/lib/CUDD/Makefile&quot;  VERBOSE=1 Cudd/fast"/>
					<CompileFile command="/usr/bin/make -j20 -f &quot;/home/martin/projects/mpk-rust/SVF/lib/CUDD/Makefile&quot;  VERBOSE=1 &quot;$file&quot;"/>
					<Clean command="/usr/bin/make -j20 -f &quot;/home/martin/projects/mpk-rust/SVF/lib/CUDD/Makefile&quot;  VERBOSE=1 clean"/>
					<DistClean command="/usr/bin/make -j20 -f &quot;/home/martin/projects/mpk-rust/SVF/lib/CUDD/Makefile&quot;  VERBOSE=1 clean"/>
				</MakeCommands>
			</Target>
			<Target title="install-Cudd">
				<Option working_dir="/home/martin/projects/mpk-rust/SVF/lib/CUDD"/>
				<Option type="4"/>
				<MakeCommands>
					<Build command="/usr/bin/make -j20 -f &quot;/home/martin/projects/mpk-rust/SVF/lib/CUDD/Makefile&quot;  VERBOSE=1 install-Cudd"/>
					<CompileFile command="/usr/bin/make -j20 -f &quot;/home/martin/projects/mpk-rust/SVF/lib/CUDD/Makefile&quot;  VERBOSE=1 &quot;$file&quot;"/>
					<Clean command="/usr/bin/make -j20 -f &quot;/home/martin/projects/mpk-rust/SVF/lib/CUDD/Makefile&quot;  VERBOSE=1 clean"/>
					<DistClean command="/usr/bin/make -j20 -f &quot;/home/martin/projects/mpk-rust/SVF/lib/CUDD/Makefile&quot;  VERBOSE=1 clean"/>
				</MakeCommands>
			</Target>
			<Target title="install-Cudd-stripped">
				<Option working_dir="/home/martin/projects/mpk-rust/SVF/lib/CUDD"/>
				<Option type="4"/>
				<MakeCommands>
					<Build command="/usr/bin/make -j20 -f &quot;/home/martin/projects/mpk-rust/SVF/lib/CUDD/Makefile&quot;  VERBOSE=1 install-Cudd-stripped"/>
					<CompileFile command="/usr/bin/make -j20 -f &quot;/home/martin/projects/mpk-rust/SVF/lib/CUDD/Makefile&quot;  VERBOSE=1 &quot;$file&quot;"/>
					<Clean command="/usr/bin/make -j20 -f &quot;/home/martin/projects/mpk-rust/SVF/lib/CUDD/Makefile&quot;  VERBOSE=1 clean"/>
					<DistClean command="/usr/bin/make -j20 -f &quot;/home/martin/projects/mpk-rust/SVF/lib/CUDD/Makefile&quot;  VERBOSE=1 clean"/>
				</MakeCommands>
			</Target>
			<Target title="saber">
				<Option output="/home/martin/projects/mpk-rust/SVF/bin/saber" prefix_auto="0" extension_auto="0"/>
				<Option working_dir="/home/martin/projects/mpk-rust/SVF/tools/SABER"/>
				<Option object_output="./"/>
				<Option type="1"/>
				<Option compiler="gcc"/>
				<Compiler>
					<Add directory="/home/martin/projects/mpk-rust/SVF/include"/>
					<Add directory="/home/martin/projects/mpk-rust/SVF/z3.obj/include"/>
					<Add directory="/home/martin/rust/build/x86_64-unknown-linux-gnu/llvm/include"/>
					<Add directory="/usr/include/c++/7"/>
					<Add directory="/usr/include/x86_64-linux-gnu/c++/7"/>
					<Add directory="/usr/include/c++/7/backward"/>
					<Add directory="/usr/lib/gcc/x86_64-linux-gnu/7/include"/>
					<Add directory="/usr/local/include"/>
					<Add directory="/usr/lib/gcc/x86_64-linux-gnu/7/include-fixed"/>
					<Add directory="/usr/include/x86_64-linux-gnu"/>
					<Add directory="/usr/include"/>
				</Compiler>
				<MakeCommands>
					<Build command="/usr/bin/make -j20 -f &quot;/home/martin/projects/mpk-rust/SVF/tools/SABER/Makefile&quot;  VERBOSE=1 saber"/>
					<CompileFile command="/usr/bin/make -j20 -f &quot;/home/martin/projects/mpk-rust/SVF/tools/SABER/Makefile&quot;  VERBOSE=1 &quot;$file&quot;"/>
					<Clean command="/usr/bin/make -j20 -f &quot;/home/martin/projects/mpk-rust/SVF/tools/SABER/Makefile&quot;  VERBOSE=1 clean"/>
					<DistClean command="/usr/bin/make -j20 -f &quot;/home/martin/projects/mpk-rust/SVF/tools/SABER/Makefile&quot;  VERBOSE=1 clean"/>
				</MakeCommands>
			</Target>
			<Target title="saber/fast">
				<Option output="/home/martin/projects/mpk-rust/SVF/bin/saber" prefix_auto="0" extension_auto="0"/>
				<Option working_dir="/home/martin/projects/mpk-rust/SVF/tools/SABER"/>
				<Option object_output="./"/>
				<Option type="1"/>
				<Option compiler="gcc"/>
				<Compiler>
					<Add directory="/home/martin/projects/mpk-rust/SVF/include"/>
					<Add directory="/home/martin/projects/mpk-rust/SVF/z3.obj/include"/>
					<Add directory="/home/martin/rust/build/x86_64-unknown-linux-gnu/llvm/include"/>
					<Add directory="/usr/include/c++/7"/>
					<Add directory="/usr/include/x86_64-linux-gnu/c++/7"/>
					<Add directory="/usr/include/c++/7/backward"/>
					<Add directory="/usr/lib/gcc/x86_64-linux-gnu/7/include"/>
					<Add directory="/usr/local/include"/>
					<Add directory="/usr/lib/gcc/x86_64-linux-gnu/7/include-fixed"/>
					<Add directory="/usr/include/x86_64-linux-gnu"/>
					<Add directory="/usr/include"/>
				</Compiler>
				<MakeCommands>
					<Build command="/usr/bin/make -j20 -f &quot;/home/martin/projects/mpk-rust/SVF/tools/SABER/Makefile&quot;  VERBOSE=1 saber/fast"/>
					<CompileFile command="/usr/bin/make -j20 -f &quot;/home/martin/projects/mpk-rust/SVF/tools/SABER/Makefile&quot;  VERBOSE=1 &quot;$file&quot;"/>
					<Clean command="/usr/bin/make -j20 -f &quot;/home/martin/projects/mpk-rust/SVF/tools/SABER/Makefile&quot;  VERBOSE=1 clean"/>
					<DistClean command="/usr/bin/make -j20 -f &quot;/home/martin/projects/mpk-rust/SVF/tools/SABER/Makefile&quot;  VERBOSE=1 clean"/>
				</MakeCommands>
			</Target>
			<Target title="wpa">
				<Option output="/home/martin/projects/mpk-rust/SVF/bin/wpa" prefix_auto="0" extension_auto="0"/>
				<Option working_dir="/home/martin/projects/mpk-rust/SVF/tools/WPA"/>
				<Option object_output="./"/>
				<Option type="1"/>
				<Option compiler="gcc"/>
				<Compiler>
					<Add directory="/home/martin/projects/mpk-rust/SVF/include"/>
					<Add directory="/home/martin/projects/mpk-rust/SVF/z3.obj/include"/>
					<Add directory="/home/martin/rust/build/x86_64-unknown-linux-gnu/llvm/include"/>
					<Add directory="/usr/include/c++/7"/>
					<Add directory="/usr/include/x86_64-linux-gnu/c++/7"/>
					<Add directory="/usr/include/c++/7/backward"/>
					<Add directory="/usr/lib/gcc/x86_64-linux-gnu/7/include"/>
					<Add directory="/usr/local/include"/>
					<Add directory="/usr/lib/gcc/x86_64-linux-gnu/7/include-fixed"/>
					<Add directory="/usr/include/x86_64-linux-gnu"/>
					<Add directory="/usr/include"/>
				</Compiler>
				<MakeCommands>
					<Build command="/usr/bin/make -j20 -f &quot;/home/martin/projects/mpk-rust/SVF/tools/WPA/Makefile&quot;  VERBOSE=1 wpa"/>
					<CompileFile command="/usr/bin/make -j20 -f &quot;/home/martin/projects/mpk-rust/SVF/tools/WPA/Makefile&quot;  VERBOSE=1 &quot;$file&quot;"/>
					<Clean command="/usr/bin/make -j20 -f &quot;/home/martin/projects/mpk-rust/SVF/tools/WPA/Makefile&quot;  VERBOSE=1 clean"/>
					<DistClean command="/usr/bin/make -j20 -f &quot;/home/martin/projects/mpk-rust/SVF/tools/WPA/Makefile&quot;  VERBOSE=1 clean"/>
				</MakeCommands>
			</Target>
			<Target title="wpa/fast">
				<Option output="/home/martin/projects/mpk-rust/SVF/bin/wpa" prefix_auto="0" extension_auto="0"/>
				<Option working_dir="/home/martin/projects/mpk-rust/SVF/tools/WPA"/>
				<Option object_output="./"/>
				<Option type="1"/>
				<Option compiler="gcc"/>
				<Compiler>
					<Add directory="/home/martin/projects/mpk-rust/SVF/include"/>
					<Add directory="/home/martin/projects/mpk-rust/SVF/z3.obj/include"/>
					<Add directory="/home/martin/rust/build/x86_64-unknown-linux-gnu/llvm/include"/>
					<Add directory="/usr/include/c++/7"/>
					<Add directory="/usr/include/x86_64-linux-gnu/c++/7"/>
					<Add directory="/usr/include/c++/7/backward"/>
					<Add directory="/usr/lib/gcc/x86_64-linux-gnu/7/include"/>
					<Add directory="/usr/local/include"/>
					<Add directory="/usr/lib/gcc/x86_64-linux-gnu/7/include-fixed"/>
					<Add directory="/usr/include/x86_64-linux-gnu"/>
					<Add directory="/usr/include"/>
				</Compiler>
				<MakeCommands>
					<Build command="/usr/bin/make -j20 -f &quot;/home/martin/projects/mpk-rust/SVF/tools/WPA/Makefile&quot;  VERBOSE=1 wpa/fast"/>
					<CompileFile command="/usr/bin/make -j20 -f &quot;/home/martin/projects/mpk-rust/SVF/tools/WPA/Makefile&quot;  VERBOSE=1 &quot;$file&quot;"/>
					<Clean command="/usr/bin/make -j20 -f &quot;/home/martin/projects/mpk-rust/SVF/tools/WPA/Makefile&quot;  VERBOSE=1 clean"/>
					<DistClean command="/usr/bin/make -j20 -f &quot;/home/martin/projects/mpk-rust/SVF/tools/WPA/Makefile&quot;  VERBOSE=1 clean"/>
				</MakeCommands>
			</Target>
			<Target title="svf-ex">
				<Option output="/home/martin/projects/mpk-rust/SVF/bin/svf-ex" prefix_auto="0" extension_auto="0"/>
				<Option working_dir="/home/martin/projects/mpk-rust/SVF/tools/Example"/>
				<Option object_output="./"/>
				<Option type="1"/>
				<Option compiler="gcc"/>
				<Compiler>
					<Add directory="/home/martin/projects/mpk-rust/SVF/include"/>
					<Add directory="/home/martin/projects/mpk-rust/SVF/z3.obj/include"/>
					<Add directory="/home/martin/rust/build/x86_64-unknown-linux-gnu/llvm/include"/>
					<Add directory="/usr/include/c++/7"/>
					<Add directory="/usr/include/x86_64-linux-gnu/c++/7"/>
					<Add directory="/usr/include/c++/7/backward"/>
					<Add directory="/usr/lib/gcc/x86_64-linux-gnu/7/include"/>
					<Add directory="/usr/local/include"/>
					<Add directory="/usr/lib/gcc/x86_64-linux-gnu/7/include-fixed"/>
					<Add directory="/usr/include/x86_64-linux-gnu"/>
					<Add directory="/usr/include"/>
				</Compiler>
				<MakeCommands>
					<Build command="/usr/bin/make -j20 -f &quot;/home/martin/projects/mpk-rust/SVF/tools/Example/Makefile&quot;  VERBOSE=1 svf-ex"/>
					<CompileFile command="/usr/bin/make -j20 -f &quot;/home/martin/projects/mpk-rust/SVF/tools/Example/Makefile&quot;  VERBOSE=1 &quot;$file&quot;"/>
					<Clean command="/usr/bin/make -j20 -f &quot;/home/martin/projects/mpk-rust/SVF/tools/Example/Makefile&quot;  VERBOSE=1 clean"/>
					<DistClean command="/usr/bin/make -j20 -f &quot;/home/martin/projects/mpk-rust/SVF/tools/Example/Makefile&quot;  VERBOSE=1 clean"/>
				</MakeCommands>
			</Target>
			<Target title="svf-ex/fast">
				<Option output="/home/martin/projects/mpk-rust/SVF/bin/svf-ex" prefix_auto="0" extension_auto="0"/>
				<Option working_dir="/home/martin/projects/mpk-rust/SVF/tools/Example"/>
				<Option object_output="./"/>
				<Option type="1"/>
				<Option compiler="gcc"/>
				<Compiler>
					<Add directory="/home/martin/projects/mpk-rust/SVF/include"/>
					<Add directory="/home/martin/projects/mpk-rust/SVF/z3.obj/include"/>
					<Add directory="/home/martin/rust/build/x86_64-unknown-linux-gnu/llvm/include"/>
					<Add directory="/usr/include/c++/7"/>
					<Add directory="/usr/include/x86_64-linux-gnu/c++/7"/>
					<Add directory="/usr/include/c++/7/backward"/>
					<Add directory="/usr/lib/gcc/x86_64-linux-gnu/7/include"/>
					<Add directory="/usr/local/include"/>
					<Add directory="/usr/lib/gcc/x86_64-linux-gnu/7/include-fixed"/>
					<Add directory="/usr/include/x86_64-linux-gnu"/>
					<Add directory="/usr/include"/>
				</Compiler>
				<MakeCommands>
					<Build command="/usr/bin/make -j20 -f &quot;/home/martin/projects/mpk-rust/SVF/tools/Example/Makefile&quot;  VERBOSE=1 svf-ex/fast"/>
					<CompileFile command="/usr/bin/make -j20 -f &quot;/home/martin/projects/mpk-rust/SVF/tools/Example/Makefile&quot;  VERBOSE=1 &quot;$file&quot;"/>
					<Clean command="/usr/bin/make -j20 -f &quot;/home/martin/projects/mpk-rust/SVF/tools/Example/Makefile&quot;  VERBOSE=1 clean"/>
					<DistClean command="/usr/bin/make -j20 -f &quot;/home/martin/projects/mpk-rust/SVF/tools/Example/Makefile&quot;  VERBOSE=1 clean"/>
				</MakeCommands>
			</Target>
			<Target title="dvf">
				<Option output="/home/martin/projects/mpk-rust/SVF/bin/dvf" prefix_auto="0" extension_auto="0"/>
				<Option working_dir="/home/martin/projects/mpk-rust/SVF/tools/DDA"/>
				<Option object_output="./"/>
				<Option type="1"/>
				<Option compiler="gcc"/>
				<Compiler>
					<Add directory="/home/martin/projects/mpk-rust/SVF/include"/>
					<Add directory="/home/martin/projects/mpk-rust/SVF/z3.obj/include"/>
					<Add directory="/home/martin/rust/build/x86_64-unknown-linux-gnu/llvm/include"/>
					<Add directory="/usr/include/c++/7"/>
					<Add directory="/usr/include/x86_64-linux-gnu/c++/7"/>
					<Add directory="/usr/include/c++/7/backward"/>
					<Add directory="/usr/lib/gcc/x86_64-linux-gnu/7/include"/>
					<Add directory="/usr/local/include"/>
					<Add directory="/usr/lib/gcc/x86_64-linux-gnu/7/include-fixed"/>
					<Add directory="/usr/include/x86_64-linux-gnu"/>
					<Add directory="/usr/include"/>
				</Compiler>
				<MakeCommands>
					<Build command="/usr/bin/make -j20 -f &quot;/home/martin/projects/mpk-rust/SVF/tools/DDA/Makefile&quot;  VERBOSE=1 dvf"/>
					<CompileFile command="/usr/bin/make -j20 -f &quot;/home/martin/projects/mpk-rust/SVF/tools/DDA/Makefile&quot;  VERBOSE=1 &quot;$file&quot;"/>
					<Clean command="/usr/bin/make -j20 -f &quot;/home/martin/projects/mpk-rust/SVF/tools/DDA/Makefile&quot;  VERBOSE=1 clean"/>
					<DistClean command="/usr/bin/make -j20 -f &quot;/home/martin/projects/mpk-rust/SVF/tools/DDA/Makefile&quot;  VERBOSE=1 clean"/>
				</MakeCommands>
			</Target>
			<Target title="dvf/fast">
				<Option output="/home/martin/projects/mpk-rust/SVF/bin/dvf" prefix_auto="0" extension_auto="0"/>
				<Option working_dir="/home/martin/projects/mpk-rust/SVF/tools/DDA"/>
				<Option object_output="./"/>
				<Option type="1"/>
				<Option compiler="gcc"/>
				<Compiler>
					<Add directory="/home/martin/projects/mpk-rust/SVF/include"/>
					<Add directory="/home/martin/projects/mpk-rust/SVF/z3.obj/include"/>
					<Add directory="/home/martin/rust/build/x86_64-unknown-linux-gnu/llvm/include"/>
					<Add directory="/usr/include/c++/7"/>
					<Add directory="/usr/include/x86_64-linux-gnu/c++/7"/>
					<Add directory="/usr/include/c++/7/backward"/>
					<Add directory="/usr/lib/gcc/x86_64-linux-gnu/7/include"/>
					<Add directory="/usr/local/include"/>
					<Add directory="/usr/lib/gcc/x86_64-linux-gnu/7/include-fixed"/>
					<Add directory="/usr/include/x86_64-linux-gnu"/>
					<Add directory="/usr/include"/>
				</Compiler>
				<MakeCommands>
					<Build command="/usr/bin/make -j20 -f &quot;/home/martin/projects/mpk-rust/SVF/tools/DDA/Makefile&quot;  VERBOSE=1 dvf/fast"/>
					<CompileFile command="/usr/bin/make -j20 -f &quot;/home/martin/projects/mpk-rust/SVF/tools/DDA/Makefile&quot;  VERBOSE=1 &quot;$file&quot;"/>
					<Clean command="/usr/bin/make -j20 -f &quot;/home/martin/projects/mpk-rust/SVF/tools/DDA/Makefile&quot;  VERBOSE=1 clean"/>
					<DistClean command="/usr/bin/make -j20 -f &quot;/home/martin/projects/mpk-rust/SVF/tools/DDA/Makefile&quot;  VERBOSE=1 clean"/>
				</MakeCommands>
			</Target>
			<Target title="mta">
				<Option output="/home/martin/projects/mpk-rust/SVF/bin/mta" prefix_auto="0" extension_auto="0"/>
				<Option working_dir="/home/martin/projects/mpk-rust/SVF/tools/MTA"/>
				<Option object_output="./"/>
				<Option type="1"/>
				<Option compiler="gcc"/>
				<Compiler>
					<Add directory="/home/martin/projects/mpk-rust/SVF/include"/>
					<Add directory="/home/martin/projects/mpk-rust/SVF/z3.obj/include"/>
					<Add directory="/home/martin/rust/build/x86_64-unknown-linux-gnu/llvm/include"/>
					<Add directory="/usr/include/c++/7"/>
					<Add directory="/usr/include/x86_64-linux-gnu/c++/7"/>
					<Add directory="/usr/include/c++/7/backward"/>
					<Add directory="/usr/lib/gcc/x86_64-linux-gnu/7/include"/>
					<Add directory="/usr/local/include"/>
					<Add directory="/usr/lib/gcc/x86_64-linux-gnu/7/include-fixed"/>
					<Add directory="/usr/include/x86_64-linux-gnu"/>
					<Add directory="/usr/include"/>
				</Compiler>
				<MakeCommands>
					<Build command="/usr/bin/make -j20 -f &quot;/home/martin/projects/mpk-rust/SVF/tools/MTA/Makefile&quot;  VERBOSE=1 mta"/>
					<CompileFile command="/usr/bin/make -j20 -f &quot;/home/martin/projects/mpk-rust/SVF/tools/MTA/Makefile&quot;  VERBOSE=1 &quot;$file&quot;"/>
					<Clean command="/usr/bin/make -j20 -f &quot;/home/martin/projects/mpk-rust/SVF/tools/MTA/Makefile&quot;  VERBOSE=1 clean"/>
					<DistClean command="/usr/bin/make -j20 -f &quot;/home/martin/projects/mpk-rust/SVF/tools/MTA/Makefile&quot;  VERBOSE=1 clean"/>
				</MakeCommands>
			</Target>
			<Target title="mta/fast">
				<Option output="/home/martin/projects/mpk-rust/SVF/bin/mta" prefix_auto="0" extension_auto="0"/>
				<Option working_dir="/home/martin/projects/mpk-rust/SVF/tools/MTA"/>
				<Option object_output="./"/>
				<Option type="1"/>
				<Option compiler="gcc"/>
				<Compiler>
					<Add directory="/home/martin/projects/mpk-rust/SVF/include"/>
					<Add directory="/home/martin/projects/mpk-rust/SVF/z3.obj/include"/>
					<Add directory="/home/martin/rust/build/x86_64-unknown-linux-gnu/llvm/include"/>
					<Add directory="/usr/include/c++/7"/>
					<Add directory="/usr/include/x86_64-linux-gnu/c++/7"/>
					<Add directory="/usr/include/c++/7/backward"/>
					<Add directory="/usr/lib/gcc/x86_64-linux-gnu/7/include"/>
					<Add directory="/usr/local/include"/>
					<Add directory="/usr/lib/gcc/x86_64-linux-gnu/7/include-fixed"/>
					<Add directory="/usr/include/x86_64-linux-gnu"/>
					<Add directory="/usr/include"/>
				</Compiler>
				<MakeCommands>
					<Build command="/usr/bin/make -j20 -f &quot;/home/martin/projects/mpk-rust/SVF/tools/MTA/Makefile&quot;  VERBOSE=1 mta/fast"/>
					<CompileFile command="/usr/bin/make -j20 -f &quot;/home/martin/projects/mpk-rust/SVF/tools/MTA/Makefile&quot;  VERBOSE=1 &quot;$file&quot;"/>
					<Clean command="/usr/bin/make -j20 -f &quot;/home/martin/projects/mpk-rust/SVF/tools/MTA/Makefile&quot;  VERBOSE=1 clean"/>
					<DistClean command="/usr/bin/make -j20 -f &quot;/home/martin/projects/mpk-rust/SVF/tools/MTA/Makefile&quot;  VERBOSE=1 clean"/>
				</MakeCommands>
			</Target>
		</Build>
		<Unit filename="/home/martin/projects/mpk-rust/SVF/lib/CUDD/cpu_time.c">
			<Option target="Cudd"/>
		</Unit>
		<Unit filename="/home/martin/projects/mpk-rust/SVF/lib/CUDD/cuddAPI.c">
			<Option target="Cudd"/>
		</Unit>
		<Unit filename="/home/martin/projects/mpk-rust/SVF/lib/CUDD/cuddAddIte.c">
			<Option target="Cudd"/>
		</Unit>
		<Unit filename="/home/martin/projects/mpk-rust/SVF/lib/CUDD/cuddAnneal.c">
			<Option target="Cudd"/>
		</Unit>
		<Unit filename="/home/martin/projects/mpk-rust/SVF/lib/CUDD/cuddBddAbs.c">
			<Option target="Cudd"/>
		</Unit>
		<Unit filename="/home/martin/projects/mpk-rust/SVF/lib/CUDD/cuddBddIte.c">
			<Option target="Cudd"/>
		</Unit>
		<Unit filename="/home/martin/projects/mpk-rust/SVF/lib/CUDD/cuddCache.c">
			<Option target="Cudd"/>
		</Unit>
		<Unit filename="/home/martin/projects/mpk-rust/SVF/lib/CUDD/cuddCheck.c">
			<Option target="Cudd"/>
		</Unit>
		<Unit filename="/home/martin/projects/mpk-rust/SVF/lib/CUDD/cuddCof.c">
			<Option target="Cudd"/>
		</Unit>
		<Unit filename="/home/martin/projects/mpk-rust/SVF/lib/CUDD/cuddExact.c">
			<Option target="Cudd"/>
		</Unit>
		<Unit filename="/home/martin/projects/mpk-rust/SVF/lib/CUDD/cuddGenetic.c">
			<Option target="Cudd"/>
		</Unit>
		<Unit filename="/home/martin/projects/mpk-rust/SVF/lib/CUDD/cuddGroup.c">
			<Option target="Cudd"/>
		</Unit>
		<Unit filename="/home/martin/projects/mpk-rust/SVF/lib/CUDD/cuddInit.c">
			<Option target="Cudd"/>
		</Unit>
		<Unit filename="/home/martin/projects/mpk-rust/SVF/lib/CUDD/cuddInteract.c">
			<Option target="Cudd"/>
		</Unit>
		<Unit filename="/home/martin/projects/mpk-rust/SVF/lib/CUDD/cuddLCache.c">
			<Option target="Cudd"/>
		</Unit>
		<Unit filename="/home/martin/projects/mpk-rust/SVF/lib/CUDD/cuddLinear.c">
			<Option target="Cudd"/>
		</Unit>
		<Unit filename="/home/martin/projects/mpk-rust/SVF/lib/CUDD/cuddRef.c">
			<Option target="Cudd"/>
		</Unit>
		<Unit filename="/home/martin/projects/mpk-rust/SVF/lib/CUDD/cuddReorder.c">
			<Option target="Cudd"/>
		</Unit>
		<Unit filename="/home/martin/projects/mpk-rust/SVF/lib/CUDD/cuddSat.c">
			<Option target="Cudd"/>
		</Unit>
		<Unit filename="/home/martin/projects/mpk-rust/SVF/lib/CUDD/cuddSymmetry.c">
			<Option target="Cudd"/>
		</Unit>
		<Unit filename="/home/martin/projects/mpk-rust/SVF/lib/CUDD/cuddTable.c">
			<Option target="Cudd"/>
		</Unit>
		<Unit filename="/home/martin/projects/mpk-rust/SVF/lib/CUDD/cuddUtil.c">
			<Option target="Cudd"/>
		</Unit>
		<Unit filename="/home/martin/projects/mpk-rust/SVF/lib/CUDD/cuddWindow.c">
			<Option target="Cudd"/>
		</Unit>
		<Unit filename="/home/martin/projects/mpk-rust/SVF/lib/CUDD/cuddZddFuncs.c">
			<Option target="Cudd"/>
		</Unit>
		<Unit filename="/home/martin/projects/mpk-rust/SVF/lib/CUDD/cuddZddGroup.c">
			<Option target="Cudd"/>
		</Unit>
		<Unit filename="/home/martin/projects/mpk-rust/SVF/lib/CUDD/cuddZddIsop.c">
			<Option target="Cudd"/>
		</Unit>
		<Unit filename="/home/martin/projects/mpk-rust/SVF/lib/CUDD/cuddZddLin.c">
			<Option target="Cudd"/>
		</Unit>
		<Unit filename="/home/martin/projects/mpk-rust/SVF/lib/CUDD/cuddZddReord.c">
			<Option target="Cudd"/>
		</Unit>
		<Unit filename="/home/martin/projects/mpk-rust/SVF/lib/CUDD/cuddZddSetop.c">
			<Option target="Cudd"/>
		</Unit>
		<Unit filename="/home/martin/projects/mpk-rust/SVF/lib/CUDD/cuddZddSymm.c">
			<Option target="Cudd"/>
		</Unit>
		<Unit filename="/home/martin/projects/mpk-rust/SVF/lib/CUDD/datalimit.c">
			<Option target="Cudd"/>
		</Unit>
		<Unit filename="/home/martin/projects/mpk-rust/SVF/lib/CUDD/epd.c">
			<Option target="Cudd"/>
		</Unit>
		<Unit filename="/home/martin/projects/mpk-rust/SVF/lib/CUDD/mtrBasic.c">
			<Option target="Cudd"/>
		</Unit>
		<Unit filename="/home/martin/projects/mpk-rust/SVF/lib/CUDD/mtrGroup.c">
			<Option target="Cudd"/>
		</Unit>
		<Unit filename="/home/martin/projects/mpk-rust/SVF/lib/CUDD/safe_mem.c">
			<Option target="Cudd"/>
		</Unit>
		<Unit filename="/home/martin/projects/mpk-rust/SVF/lib/CUDD/st.c">
			<Option target="Cudd"/>
		</Unit>
		<Unit filename="/home/martin/projects/mpk-rust/SVF/lib/DDA/ContextDDA.cpp">
			<Option target="Svf"/>
		</Unit>
		<Unit filename="/home/martin/projects/mpk-rust/SVF/lib/DDA/DDAClient.cpp">
			<Option target="Svf"/>
		</Unit>
		<Unit filename="/home/martin/projects/mpk-rust/SVF/lib/DDA/DDAPass.cpp">
			<Option target="Svf"/>
		</Unit>
		<Unit filename="/home/martin/projects/mpk-rust/SVF/lib/DDA/DDAStat.cpp">
			<Option target="Svf"/>
		</Unit>
		<Unit filename="/home/martin/projects/mpk-rust/SVF/lib/DDA/FlowDDA.cpp">
			<Option target="Svf"/>
		</Unit>
		<Unit filename="/home/martin/projects/mpk-rust/SVF/lib/Graphs/ConsG.cpp">
			<Option target="Svf"/>
		</Unit>
		<Unit filename="/home/martin/projects/mpk-rust/SVF/lib/Graphs/ExternalPAG.cpp">
			<Option target="Svf"/>
		</Unit>
		<Unit filename="/home/martin/projects/mpk-rust/SVF/lib/Graphs/ICFG.cpp">
			<Option target="Svf"/>
		</Unit>
		<Unit filename="/home/martin/projects/mpk-rust/SVF/lib/Graphs/OfflineConsG.cpp">
			<Option target="Svf"/>
		</Unit>
		<Unit filename="/home/martin/projects/mpk-rust/SVF/lib/Graphs/PAG.cpp">
			<Option target="Svf"/>
		</Unit>
		<Unit filename="/home/martin/projects/mpk-rust/SVF/lib/Graphs/PTACallGraph.cpp">
			<Option target="Svf"/>
		</Unit>
		<Unit filename="/home/martin/projects/mpk-rust/SVF/lib/Graphs/SVFG.cpp">
			<Option target="Svf"/>
		</Unit>
		<Unit filename="/home/martin/projects/mpk-rust/SVF/lib/Graphs/SVFGOPT.cpp">
			<Option target="Svf"/>
		</Unit>
		<Unit filename="/home/martin/projects/mpk-rust/SVF/lib/Graphs/SVFGStat.cpp">
			<Option target="Svf"/>
		</Unit>
		<Unit filename="/home/martin/projects/mpk-rust/SVF/lib/Graphs/ThreadCallGraph.cpp">
			<Option target="Svf"/>
		</Unit>
		<Unit filename="/home/martin/projects/mpk-rust/SVF/lib/Graphs/VFG.cpp">
			<Option target="Svf"/>
		</Unit>
		<Unit filename="/home/martin/projects/mpk-rust/SVF/lib/MSSA/MemPartition.cpp">
			<Option target="Svf"/>
		</Unit>
		<Unit filename="/home/martin/projects/mpk-rust/SVF/lib/MSSA/MemRegion.cpp">
			<Option target="Svf"/>
		</Unit>
		<Unit filename="/home/martin/projects/mpk-rust/SVF/lib/MSSA/MemSSA.cpp">
			<Option target="Svf"/>
		</Unit>
		<Unit filename="/home/martin/projects/mpk-rust/SVF/lib/MSSA/SVFGBuilder.cpp">
			<Option target="Svf"/>
		</Unit>
		<Unit filename="/home/martin/projects/mpk-rust/SVF/lib/MTA/FSMPTA.cpp">
			<Option target="Svf"/>
		</Unit>
		<Unit filename="/home/martin/projects/mpk-rust/SVF/lib/MTA/LockAnalysis.cpp">
			<Option target="Svf"/>
		</Unit>
		<Unit filename="/home/martin/projects/mpk-rust/SVF/lib/MTA/LockResultValidator.cpp">
			<Option target="Svf"/>
		</Unit>
		<Unit filename="/home/martin/projects/mpk-rust/SVF/lib/MTA/MHP.cpp">
			<Option target="Svf"/>
		</Unit>
		<Unit filename="/home/martin/projects/mpk-rust/SVF/lib/MTA/MTA.cpp">
			<Option target="Svf"/>
		</Unit>
		<Unit filename="/home/martin/projects/mpk-rust/SVF/lib/MTA/MTAAnnotator.cpp">
			<Option target="Svf"/>
		</Unit>
		<Unit filename="/home/martin/projects/mpk-rust/SVF/lib/MTA/MTAResultValidator.cpp">
			<Option target="Svf"/>
		</Unit>
		<Unit filename="/home/martin/projects/mpk-rust/SVF/lib/MTA/MTAStat.cpp">
			<Option target="Svf"/>
		</Unit>
		<Unit filename="/home/martin/projects/mpk-rust/SVF/lib/MTA/PCG.cpp">
			<Option target="Svf"/>
		</Unit>
		<Unit filename="/home/martin/projects/mpk-rust/SVF/lib/MTA/TCT.cpp">
			<Option target="Svf"/>
		</Unit>
		<Unit filename="/home/martin/projects/mpk-rust/SVF/lib/MemoryModel/LocationSet.cpp">
			<Option target="Svf"/>
		</Unit>
		<Unit filename="/home/martin/projects/mpk-rust/SVF/lib/MemoryModel/MemModel.cpp">
			<Option target="Svf"/>
		</Unit>
		<Unit filename="/home/martin/projects/mpk-rust/SVF/lib/MemoryModel/PAGBuilderFromFile.cpp">
			<Option target="Svf"/>
		</Unit>
		<Unit filename="/home/martin/projects/mpk-rust/SVF/lib/MemoryModel/PointerAnalysis.cpp">
			<Option target="Svf"/>
		</Unit>
		<Unit filename="/home/martin/projects/mpk-rust/SVF/lib/MemoryModel/PointerAnalysisImpl.cpp">
			<Option target="Svf"/>
		</Unit>
		<Unit filename="/home/martin/projects/mpk-rust/SVF/lib/MpkRustIsolation/MPKRustIsolation.cpp">
			<Option target="Svf"/>
		</Unit>
		<Unit filename="/home/martin/projects/mpk-rust/SVF/lib/SABER/DoubleFreeChecker.cpp">
			<Option target="Svf"/>
		</Unit>
		<Unit filename="/home/martin/projects/mpk-rust/SVF/lib/SABER/FileChecker.cpp">
			<Option target="Svf"/>
		</Unit>
		<Unit filename="/home/martin/projects/mpk-rust/SVF/lib/SABER/LeakChecker.cpp">
			<Option target="Svf"/>
		</Unit>
		<Unit filename="/home/martin/projects/mpk-rust/SVF/lib/SABER/ProgSlice.cpp">
			<Option target="Svf"/>
		</Unit>
		<Unit filename="/home/martin/projects/mpk-rust/SVF/lib/SABER/SaberAnnotator.cpp">
			<Option target="Svf"/>
		</Unit>
		<Unit filename="/home/martin/projects/mpk-rust/SVF/lib/SABER/SaberCheckerAPI.cpp">
			<Option target="Svf"/>
		</Unit>
		<Unit filename="/home/martin/projects/mpk-rust/SVF/lib/SABER/SaberSVFGBuilder.cpp">
			<Option target="Svf"/>
		</Unit>
		<Unit filename="/home/martin/projects/mpk-rust/SVF/lib/SABER/SrcSnkDDA.cpp">
			<Option target="Svf"/>
		</Unit>
		<Unit filename="/home/martin/projects/mpk-rust/SVF/lib/SVF-FE/BreakConstantExpr.cpp">
			<Option target="Svf"/>
		</Unit>
		<Unit filename="/home/martin/projects/mpk-rust/SVF/lib/SVF-FE/CHG.cpp">
			<Option target="Svf"/>
		</Unit>
		<Unit filename="/home/martin/projects/mpk-rust/SVF/lib/SVF-FE/CPPUtil.cpp">
			<Option target="Svf"/>
		</Unit>
		<Unit filename="/home/martin/projects/mpk-rust/SVF/lib/SVF-FE/CallGraphBuilder.cpp">
			<Option target="Svf"/>
		</Unit>
		<Unit filename="/home/martin/projects/mpk-rust/SVF/lib/SVF-FE/DCHG.cpp">
			<Option target="Svf"/>
		</Unit>
		<Unit filename="/home/martin/projects/mpk-rust/SVF/lib/SVF-FE/DataFlowUtil.cpp">
			<Option target="Svf"/>
		</Unit>
		<Unit filename="/home/martin/projects/mpk-rust/SVF/lib/SVF-FE/Graph2Json.cpp">
			<Option target="Svf"/>
		</Unit>
		<Unit filename="/home/martin/projects/mpk-rust/SVF/lib/SVF-FE/ICFGBuilder.cpp">
			<Option target="Svf"/>
		</Unit>
		<Unit filename="/home/martin/projects/mpk-rust/SVF/lib/SVF-FE/LLVMModule.cpp">
			<Option target="Svf"/>
		</Unit>
		<Unit filename="/home/martin/projects/mpk-rust/SVF/lib/SVF-FE/LLVMUtil.cpp">
			<Option target="Svf"/>
		</Unit>
		<Unit filename="/home/martin/projects/mpk-rust/SVF/lib/SVF-FE/LocMemModel.cpp">
			<Option target="Svf"/>
		</Unit>
		<Unit filename="/home/martin/projects/mpk-rust/SVF/lib/SVF-FE/PAGBuilder.cpp">
			<Option target="Svf"/>
		</Unit>
		<Unit filename="/home/martin/projects/mpk-rust/SVF/lib/SVF-FE/SymbolTableInfo.cpp">
			<Option target="Svf"/>
		</Unit>
		<Unit filename="/home/martin/projects/mpk-rust/SVF/lib/Util/Conditions.cpp">
			<Option target="Svf"/>
		</Unit>
		<Unit filename="/home/martin/projects/mpk-rust/SVF/lib/Util/ExtAPI.cpp">
			<Option target="Svf"/>
		</Unit>
		<Unit filename="/home/martin/projects/mpk-rust/SVF/lib/Util/NodeIDAllocator.cpp">
			<Option target="Svf"/>
		</Unit>
		<Unit filename="/home/martin/projects/mpk-rust/SVF/lib/Util/Options.cpp">
			<Option target="Svf"/>
		</Unit>
		<Unit filename="/home/martin/projects/mpk-rust/SVF/lib/Util/PTAStat.cpp">
			<Option target="Svf"/>
		</Unit>
		<Unit filename="/home/martin/projects/mpk-rust/SVF/lib/Util/PathCondAllocator.cpp">
			<Option target="Svf"/>
		</Unit>
		<Unit filename="/home/martin/projects/mpk-rust/SVF/lib/Util/SVFUtil.cpp">
			<Option target="Svf"/>
		</Unit>
		<Unit filename="/home/martin/projects/mpk-rust/SVF/lib/Util/ThreadAPI.cpp">
			<Option target="Svf"/>
		</Unit>
		<Unit filename="/home/martin/projects/mpk-rust/SVF/lib/Util/TypeBasedHeapCloning.cpp">
			<Option target="Svf"/>
		</Unit>
		<Unit filename="/home/martin/projects/mpk-rust/SVF/lib/WPA/Andersen.cpp">
			<Option target="Svf"/>
		</Unit>
		<Unit filename="/home/martin/projects/mpk-rust/SVF/lib/WPA/AndersenHCD.cpp">
			<Option target="Svf"/>
		</Unit>
		<Unit filename="/home/martin/projects/mpk-rust/SVF/lib/WPA/AndersenHLCD.cpp">
			<Option target="Svf"/>
		</Unit>
		<Unit filename="/home/martin/projects/mpk-rust/SVF/lib/WPA/AndersenLCD.cpp">
			<Option target="Svf"/>
		</Unit>
		<Unit filename="/home/martin/projects/mpk-rust/SVF/lib/WPA/AndersenSCD.cpp">
			<Option target="Svf"/>
		</Unit>
		<Unit filename="/home/martin/projects/mpk-rust/SVF/lib/WPA/AndersenSFR.cpp">
			<Option target="Svf"/>
		</Unit>
		<Unit filename="/home/martin/projects/mpk-rust/SVF/lib/WPA/AndersenStat.cpp">
			<Option target="Svf"/>
		</Unit>
		<Unit filename="/home/martin/projects/mpk-rust/SVF/lib/WPA/AndersenWaveDiff.cpp">
			<Option target="Svf"/>
		</Unit>
		<Unit filename="/home/martin/projects/mpk-rust/SVF/lib/WPA/AndersenWaveDiffWithType.cpp">
			<Option target="Svf"/>
		</Unit>
		<Unit filename="/home/martin/projects/mpk-rust/SVF/lib/WPA/CSC.cpp">
			<Option target="Svf"/>
		</Unit>
		<Unit filename="/home/martin/projects/mpk-rust/SVF/lib/WPA/FlowSensitive.cpp">
			<Option target="Svf"/>
		</Unit>
		<Unit filename="/home/martin/projects/mpk-rust/SVF/lib/WPA/FlowSensitiveStat.cpp">
			<Option target="Svf"/>
		</Unit>
		<Unit filename="/home/martin/projects/mpk-rust/SVF/lib/WPA/FlowSensitiveTBHC.cpp">
			<Option target="Svf"/>
		</Unit>
		<Unit filename="/home/martin/projects/mpk-rust/SVF/lib/WPA/Steensgaard.cpp">
			<Option target="Svf"/>
		</Unit>
		<Unit filename="/home/martin/projects/mpk-rust/SVF/lib/WPA/TypeAnalysis.cpp">
			<Option target="Svf"/>
		</Unit>
		<Unit filename="/home/martin/projects/mpk-rust/SVF/lib/WPA/VersionedFlowSensitive.cpp">
			<Option target="Svf"/>
		</Unit>
		<Unit filename="/home/martin/projects/mpk-rust/SVF/lib/WPA/VersionedFlowSensitiveStat.cpp">
			<Option target="Svf"/>
		</Unit>
		<Unit filename="/home/martin/projects/mpk-rust/SVF/lib/WPA/WPAPass.cpp">
			<Option target="Svf"/>
		</Unit>
		<Unit filename="/home/martin/projects/mpk-rust/SVF/tools/DDA/dda.cpp">
			<Option target="dvf"/>
		</Unit>
		<Unit filename="/home/martin/projects/mpk-rust/SVF/tools/Example/svf-ex.cpp">
			<Option target="svf-ex"/>
		</Unit>
		<Unit filename="/home/martin/projects/mpk-rust/SVF/tools/MTA/mta.cpp">
			<Option target="mta"/>
		</Unit>
		<Unit filename="/home/martin/projects/mpk-rust/SVF/tools/SABER/saber.cpp">
			<Option target="saber"/>
		</Unit>
		<Unit filename="/home/martin/projects/mpk-rust/SVF/tools/WPA/wpa.cpp">
			<Option target="wpa"/>
		</Unit>
		<Unit filename="/home/martin/projects/mpk-rust/SVF/CMakeLists.txt">
			<Option virtualFolder="CMake Files\"/>
		</Unit>
		<Unit filename="/home/martin/projects/mpk-rust/SVF/../../../rust/build/x86_64-unknown-linux-gnu/llvm/lib/cmake/llvm/AddLLVM.cmake">
			<Option virtualFolder="CMake Files\..\..\..\rust\build\x86_64-unknown-linux-gnu\llvm\lib\cmake\llvm\"/>
		</Unit>
		<Unit filename="/home/martin/projects/mpk-rust/SVF/../../../rust/build/x86_64-unknown-linux-gnu/llvm/lib/cmake/llvm/DetermineGCCCompatible.cmake">
			<Option virtualFolder="CMake Files\..\..\..\rust\build\x86_64-unknown-linux-gnu\llvm\lib\cmake\llvm\"/>
		</Unit>
		<Unit filename="/home/martin/projects/mpk-rust/SVF/../../../rust/build/x86_64-unknown-linux-gnu/llvm/lib/cmake/llvm/LLVM-Config.cmake">
			<Option virtualFolder="CMake Files\..\..\..\rust\build\x86_64-unknown-linux-gnu\llvm\lib\cmake\llvm\"/>
		</Unit>
		<Unit filename="/home/martin/projects/mpk-rust/SVF/../../../rust/build/x86_64-unknown-linux-gnu/llvm/lib/cmake/llvm/LLVMConfig.cmake">
			<Option virtualFolder="CMake Files\..\..\..\rust\build\x86_64-unknown-linux-gnu\llvm\lib\cmake\llvm\"/>
		</Unit>
		<Unit filename="/home/martin/projects/mpk-rust/SVF/../../../rust/build/x86_64-unknown-linux-gnu/llvm/lib/cmake/llvm/LLVMConfigVersion.cmake">
			<Option virtualFolder="CMake Files\..\..\..\rust\build\x86_64-unknown-linux-gnu\llvm\lib\cmake\llvm\"/>
		</Unit>
		<Unit filename="/home/martin/projects/mpk-rust/SVF/../../../rust/build/x86_64-unknown-linux-gnu/llvm/lib/cmake/llvm/LLVMExports-release.cmake">
			<Option virtualFolder="CMake Files\..\..\..\rust\build\x86_64-unknown-linux-gnu\llvm\lib\cmake\llvm\"/>
		</Unit>
		<Unit filename="/home/martin/projects/mpk-rust/SVF/../../../rust/build/x86_64-unknown-linux-gnu/llvm/lib/cmake/llvm/LLVMExports.cmake">
			<Option virtualFolder="CMake Files\..\..\..\rust\build\x86_64-unknown-linux-gnu\llvm\lib\cmake\llvm\"/>
		</Unit>
		<Unit filename="/home/martin/projects/mpk-rust/SVF/../../../rust/build/x86_64-unknown-linux-gnu/llvm/lib/cmake/llvm/LLVMProcessSources.cmake">
			<Option virtualFolder="CMake Files\..\..\..\rust\build\x86_64-unknown-linux-gnu\llvm\lib\cmake\llvm\"/>
		</Unit>
		<Unit filename="/home/martin/projects/mpk-rust/SVF/lib/CMakeLists.txt">
			<Option virtualFolder="CMake Files\lib\"/>
		</Unit>
		<Unit filename="/home/martin/projects/mpk-rust/SVF/lib/CUDD/CMakeLists.txt">
			<Option virtualFolder="CMake Files\lib\CUDD\"/>
		</Unit>
		<Unit filename="/home/martin/projects/mpk-rust/SVF/tools/CMakeLists.txt">
			<Option virtualFolder="CMake Files\tools\"/>
		</Unit>
		<Unit filename="/home/martin/projects/mpk-rust/SVF/tools/SABER/CMakeLists.txt">
			<Option virtualFolder="CMake Files\tools\SABER\"/>
		</Unit>
		<Unit filename="/home/martin/projects/mpk-rust/SVF/tools/WPA/CMakeLists.txt">
			<Option virtualFolder="CMake Files\tools\WPA\"/>
		</Unit>
		<Unit filename="/home/martin/projects/mpk-rust/SVF/tools/Example/CMakeLists.txt">
			<Option virtualFolder="CMake Files\tools\Example\"/>
		</Unit>
		<Unit filename="/home/martin/projects/mpk-rust/SVF/tools/DDA/CMakeLists.txt">
			<Option virtualFolder="CMake Files\tools\DDA\"/>
		</Unit>
		<Unit filename="/home/martin/projects/mpk-rust/SVF/tools/MTA/CMakeLists.txt">
			<Option virtualFolder="CMake Files\tools\MTA\"/>
		</Unit>
	</Project>
</CodeBlocks_project_file>
